
Microsoft Visual Studio Solution File, Format Version 12.00
# Visual Studio Version 16
VisualStudioVersion = 16.0.31911.196
MinimumVisualStudioVersion = 10.0.40219.1
Project("{FAE04EC0-301F-11D3-BF4B-00C04F79EFBC}") = "Form_Z03_3", "Form_Z03_3\Form_Z03_3.csproj", "{C23E8AA4-8676-46CF-85A1-713D81B890AD}"
EndProject
Global
	GlobalSection(SolutionConfigurationPlatforms) = preSolution
		Debug|Any CPU = Debug|Any CPU
		Release|Any CPU = Release|Any CPU
	EndGlobalSection
	GlobalSection(ProjectConfigurationPlatforms) = postSolution
		{C23E8AA4-8676-46CF-85A1-713D81B890AD}.Debug|Any CPU.ActiveCfg = Debug|Any CPU
		{C23E8AA4-8676-46CF-85A1-713D81B890AD}.Debug|Any CPU.Build.0 = Debug|Any CPU
		{C23E8AA4-8676-46CF-85A1-713D81B890AD}.Release|Any CPU.ActiveCfg = Release|Any CPU
		{C23E8AA4-8676-46CF-85A1-713D81B890AD}.Release|Any CPU.Build.0 = Release|Any CPU
	EndGlobalSection
	GlobalSection(SolutionProperties) = preSolution
		HideSolutionNode = FALSE
	EndGlobalSection
	GlobalSection(ExtensibilityGlobals) = postSolution
		SolutionGuid = {8D76E7B0-199E-452A-B1C1-DEDFDD404C59}
	EndGlobalSection
EndGlobal
