
Microsoft Visual Studio Solution File, Format Version 12.00
# Visual Studio Version 16
VisualStudioVersion = 16.0.31911.196
MinimumVisualStudioVersion = 10.0.40219.1
Project("{FAE04EC0-301F-11D3-BF4B-00C04F79EFBC}") = "Form_Z03_2", "Form_Z03_2\Form_Z03_2.csproj", "{76FD0A0D-0CF7-44FB-902D-CD3D98E4B16B}"
EndProject
Global
	GlobalSection(SolutionConfigurationPlatforms) = preSolution
		Debug|Any CPU = Debug|Any CPU
		Release|Any CPU = Release|Any CPU
	EndGlobalSection
	GlobalSection(ProjectConfigurationPlatforms) = postSolution
		{76FD0A0D-0CF7-44FB-902D-CD3D98E4B16B}.Debug|Any CPU.ActiveCfg = Debug|Any CPU
		{76FD0A0D-0CF7-44FB-902D-CD3D98E4B16B}.Debug|Any CPU.Build.0 = Debug|Any CPU
		{76FD0A0D-0CF7-44FB-902D-CD3D98E4B16B}.Release|Any CPU.ActiveCfg = Release|Any CPU
		{76FD0A0D-0CF7-44FB-902D-CD3D98E4B16B}.Release|Any CPU.Build.0 = Release|Any CPU
	EndGlobalSection
	GlobalSection(SolutionProperties) = preSolution
		HideSolutionNode = FALSE
	EndGlobalSection
	GlobalSection(ExtensibilityGlobals) = postSolution
		SolutionGuid = {C237EF09-56A3-4C21-B1B8-0C339517D028}
	EndGlobalSection
EndGlobal
